
Microsoft Visual Studio Solution File, Format Version 12.00
# Visual Studio Version 17
VisualStudioVersion = 17.14.37203.1 d17.14
MinimumVisualStudioVersion = 10.0.40219.1
Project("{2150E333-8FDC-42A3-9474-1A3956D46DE8}") = "API", "API", "{02EA681E-C7D8-13C7-8484-4AC65E1B71E8}"
EndProject
Project("{2150E333-8FDC-42A3-9474-1A3956D46DE8}") = "CLASSLIBRARIES", "CLASSLIBRARIES", "{31D01CE8-D197-45A8-97CF-8E295ED436F4}"
EndProject
Project("{2150E333-8FDC-42A3-9474-1A3956D46DE8}") = "TESTCASES", "TESTCASES", "{5D40D879-734A-4052-A432-FC8F246D82FC}"
EndProject
Project("{FAE04EC0-301F-11D3-BF4B-00C04F79EFBC}") = "JPMORGAN_LOANS_API", "JPMORGAN_LOANS_API\JPMORGAN_LOANS_API.csproj", "{4FDADAA0-01BA-4943-A0B6-2439906A8647}"
EndProject
Project("{FAE04EC0-301F-11D3-BF4B-00C04F79EFBC}") = "JPMORGAN_LOANS_BusinessEntities", "JPMORGAN_LOANS_BusinessEntities\JPMORGAN_LOANS_BusinessEntities.csproj", "{6A34EC24-A816-45B3-B9F4-6605A7FC3CEF}"
EndProject
Project("{FAE04EC0-301F-11D3-BF4B-00C04F79EFBC}") = "JPMORGAN_LOANS_DbConnectivity", "JPMORGAN_LOANS_DbConnectivity\JPMORGAN_LOANS_DbConnectivity.csproj", "{FAD5E3F7-ACDB-42A3-9086-C9F854FE3FAA}"
EndProject
Project("{FAE04EC0-301F-11D3-BF4B-00C04F79EFBC}") = "JPMORGAN_LOANS_RepositoryLayer", "JPMORGAN_LOANS_RepositoryLayer\JPMORGAN_LOANS_RepositoryLayer.csproj", "{5427F9CB-4357-45DF-A71E-F4E0F2E7BB07}"
EndProject
Project("{FAE04EC0-301F-11D3-BF4B-00C04F79EFBC}") = "JPMORGAN_LOANS_ServiceLayer", "JPMORGAN_LOANS_ServiceLayer\JPMORGAN_LOANS_ServiceLayer.csproj", "{C1E4E43B-000F-4309-AA07-CA4586B2EBDD}"
EndProject
Project("{FAE04EC0-301F-11D3-BF4B-00C04F79EFBC}") = "JPMORGAN_LOANS_UnitTest", "JPMORGAN_LOANS_UnitTest\JPMORGAN_LOANS_UnitTest.csproj", "{EA9422AA-A43E-4DF2-86E1-51AC27D67691}"
EndProject
Global
	GlobalSection(SolutionConfigurationPlatforms) = preSolution
		Debug|Any CPU = Debug|Any CPU
		Release|Any CPU = Release|Any CPU
	EndGlobalSection
	GlobalSection(ProjectConfigurationPlatforms) = postSolution
		{4FDADAA0-01BA-4943-A0B6-2439906A8647}.Debug|Any CPU.ActiveCfg = Debug|Any CPU
		{4FDADAA0-01BA-4943-A0B6-2439906A8647}.Debug|Any CPU.Build.0 = Debug|Any CPU
		{4FDADAA0-01BA-4943-A0B6-2439906A8647}.Release|Any CPU.ActiveCfg = Release|Any CPU
		{4FDADAA0-01BA-4943-A0B6-2439906A8647}.Release|Any CPU.Build.0 = Release|Any CPU
		{6A34EC24-A816-45B3-B9F4-6605A7FC3CEF}.Debug|Any CPU.ActiveCfg = Debug|Any CPU
		{6A34EC24-A816-45B3-B9F4-6605A7FC3CEF}.Debug|Any CPU.Build.0 = Debug|Any CPU
		{6A34EC24-A816-45B3-B9F4-6605A7FC3CEF}.Release|Any CPU.ActiveCfg = Release|Any CPU
		{6A34EC24-A816-45B3-B9F4-6605A7FC3CEF}.Release|Any CPU.Build.0 = Release|Any CPU
		{FAD5E3F7-ACDB-42A3-9086-C9F854FE3FAA}.Debug|Any CPU.ActiveCfg = Debug|Any CPU
		{FAD5E3F7-ACDB-42A3-9086-C9F854FE3FAA}.Debug|Any CPU.Build.0 = Debug|Any CPU
		{FAD5E3F7-ACDB-42A3-9086-C9F854FE3FAA}.Release|Any CPU.ActiveCfg = Release|Any CPU
		{FAD5E3F7-ACDB-42A3-9086-C9F854FE3FAA}.Release|Any CPU.Build.0 = Release|Any CPU
		{5427F9CB-4357-45DF-A71E-F4E0F2E7BB07}.Debug|Any CPU.ActiveCfg = Debug|Any CPU
		{5427F9CB-4357-45DF-A71E-F4E0F2E7BB07}.Debug|Any CPU.Build.0 = Debug|Any CPU
		{5427F9CB-4357-45DF-A71E-F4E0F2E7BB07}.Release|Any CPU.ActiveCfg = Release|Any CPU
		{5427F9CB-4357-45DF-A71E-F4E0F2E7BB07}.Release|Any CPU.Build.0 = Release|Any CPU
		{C1E4E43B-000F-4309-AA07-CA4586B2EBDD}.Debug|Any CPU.ActiveCfg = Debug|Any CPU
		{C1E4E43B-000F-4309-AA07-CA4586B2EBDD}.Debug|Any CPU.Build.0 = Debug|Any CPU
		{C1E4E43B-000F-4309-AA07-CA4586B2EBDD}.Release|Any CPU.ActiveCfg = Release|Any CPU
		{C1E4E43B-000F-4309-AA07-CA4586B2EBDD}.Release|Any CPU.Build.0 = Release|Any CPU
		{EA9422AA-A43E-4DF2-86E1-51AC27D67691}.Debug|Any CPU.ActiveCfg = Debug|Any CPU
		{EA9422AA-A43E-4DF2-86E1-51AC27D67691}.Debug|Any CPU.Build.0 = Debug|Any CPU
		{EA9422AA-A43E-4DF2-86E1-51AC27D67691}.Release|Any CPU.ActiveCfg = Release|Any CPU
		{EA9422AA-A43E-4DF2-86E1-51AC27D67691}.Release|Any CPU.Build.0 = Release|Any CPU
	EndGlobalSection
	GlobalSection(SolutionProperties) = preSolution
		HideSolutionNode = FALSE
	EndGlobalSection
	GlobalSection(NestedProjects) = preSolution
		{4FDADAA0-01BA-4943-A0B6-2439906A8647} = {02EA681E-C7D8-13C7-8484-4AC65E1B71E8}
		{6A34EC24-A816-45B3-B9F4-6605A7FC3CEF} = {31D01CE8-D197-45A8-97CF-8E295ED436F4}
		{FAD5E3F7-ACDB-42A3-9086-C9F854FE3FAA} = {31D01CE8-D197-45A8-97CF-8E295ED436F4}
		{5427F9CB-4357-45DF-A71E-F4E0F2E7BB07} = {31D01CE8-D197-45A8-97CF-8E295ED436F4}
		{C1E4E43B-000F-4309-AA07-CA4586B2EBDD} = {31D01CE8-D197-45A8-97CF-8E295ED436F4}
		{EA9422AA-A43E-4DF2-86E1-51AC27D67691} = {5D40D879-734A-4052-A432-FC8F246D82FC}
	EndGlobalSection
	GlobalSection(ExtensibilityGlobals) = postSolution
		SolutionGuid = {AECFDCC9-4EEF-48C1-8027-D4DF6032998A}
	EndGlobalSection
EndGlobal
